
Microsoft Visual Studio Solution File, Format Version 12.00
# Visual Studio Version 17
VisualStudioVersion = 17.5.33516.290
MinimumVisualStudioVersion = 10.0.40219.1
Project("{9A19103F-16F7-4668-BE54-9A1E7A4F7556}") = "ExerciseProgramGenerator", "ExerciseProgramGenerator\ExerciseProgramGenerator.csproj", "{8DD46EA8-EEFE-40B5-8314-9CB57C2C07DB}"
EndProject
Project("{9A19103F-16F7-4668-BE54-9A1E7A4F7556}") = "ExerciseProgramGenerator2", "ExerciseProgramGenerator2\ExerciseProgramGenerator2.csproj", "{74BC6FAC-359E-41E7-A76A-518107A2A354}"
EndProject
Project("{9A19103F-16F7-4668-BE54-9A1E7A4F7556}") = "ExerciseProgramGenerator3", "ExerciseProgramGenerator3\ExerciseProgramGenerator3.csproj", "{D2F7FF0E-DA29-4765-9ED3-A86B3B6D46F0}"
EndProject
Project("{FAE04EC0-301F-11D3-BF4B-00C04F79EFBC}") = "ExerciseProgramGenerator4", "ExerciseProgramGenerator4\ExerciseProgramGenerator4.csproj", "{4F1C1EA3-1D30-49AE-BF55-934EC4AFDA38}"
EndProject
Global
	GlobalSection(SolutionConfigurationPlatforms) = preSolution
		Debug|Any CPU = Debug|Any CPU
		Release|Any CPU = Release|Any CPU
	EndGlobalSection
	GlobalSection(ProjectConfigurationPlatforms) = postSolution
		{8DD46EA8-EEFE-40B5-8314-9CB57C2C07DB}.Debug|Any CPU.ActiveCfg = Debug|Any CPU
		{8DD46EA8-EEFE-40B5-8314-9CB57C2C07DB}.Debug|Any CPU.Build.0 = Debug|Any CPU
		{8DD46EA8-EEFE-40B5-8314-9CB57C2C07DB}.Release|Any CPU.ActiveCfg = Release|Any CPU
		{8DD46EA8-EEFE-40B5-8314-9CB57C2C07DB}.Release|Any CPU.Build.0 = Release|Any CPU
		{74BC6FAC-359E-41E7-A76A-518107A2A354}.Debug|Any CPU.ActiveCfg = Debug|Any CPU
		{74BC6FAC-359E-41E7-A76A-518107A2A354}.Debug|Any CPU.Build.0 = Debug|Any CPU
		{74BC6FAC-359E-41E7-A76A-518107A2A354}.Release|Any CPU.ActiveCfg = Release|Any CPU
		{74BC6FAC-359E-41E7-A76A-518107A2A354}.Release|Any CPU.Build.0 = Release|Any CPU
		{D2F7FF0E-DA29-4765-9ED3-A86B3B6D46F0}.Debug|Any CPU.ActiveCfg = Debug|Any CPU
		{D2F7FF0E-DA29-4765-9ED3-A86B3B6D46F0}.Debug|Any CPU.Build.0 = Debug|Any CPU
		{D2F7FF0E-DA29-4765-9ED3-A86B3B6D46F0}.Release|Any CPU.ActiveCfg = Release|Any CPU
		{D2F7FF0E-DA29-4765-9ED3-A86B3B6D46F0}.Release|Any CPU.Build.0 = Release|Any CPU
		{4F1C1EA3-1D30-49AE-BF55-934EC4AFDA38}.Debug|Any CPU.ActiveCfg = Debug|Any CPU
		{4F1C1EA3-1D30-49AE-BF55-934EC4AFDA38}.Debug|Any CPU.Build.0 = Debug|Any CPU
		{4F1C1EA3-1D30-49AE-BF55-934EC4AFDA38}.Release|Any CPU.ActiveCfg = Release|Any CPU
		{4F1C1EA3-1D30-49AE-BF55-934EC4AFDA38}.Release|Any CPU.Build.0 = Release|Any CPU
	EndGlobalSection
	GlobalSection(SolutionProperties) = preSolution
		HideSolutionNode = FALSE
	EndGlobalSection
	GlobalSection(ExtensibilityGlobals) = postSolution
		SolutionGuid = {838E4900-3D37-4886-B4A1-10FDB226B011}
	EndGlobalSection
EndGlobal
